
Microsoft Visual Studio Solution File, Format Version 12.00
# Visual Studio Version 17
VisualStudioVersion = 17.0.31808.319
MinimumVisualStudioVersion = 10.0.40219.1
Project("{FAE04EC0-301F-11D3-BF4B-00C04F79EFBC}") = "Projeto_POO", "Projeto_POO\Projeto_POO.csproj", "{8314B3AF-B4DC-487D-A2AD-FBB19C39BAF2}"
EndProject
Global
	GlobalSection(SolutionConfigurationPlatforms) = preSolution
		Debug|Any CPU = Debug|Any CPU
		Release|Any CPU = Release|Any CPU
	EndGlobalSection
	GlobalSection(ProjectConfigurationPlatforms) = postSolution
		{8314B3AF-B4DC-487D-A2AD-FBB19C39BAF2}.Debug|Any CPU.ActiveCfg = Debug|Any CPU
		{8314B3AF-B4DC-487D-A2AD-FBB19C39BAF2}.Debug|Any CPU.Build.0 = Debug|Any CPU
		{8314B3AF-B4DC-487D-A2AD-FBB19C39BAF2}.Release|Any CPU.ActiveCfg = Release|Any CPU
		{8314B3AF-B4DC-487D-A2AD-FBB19C39BAF2}.Release|Any CPU.Build.0 = Release|Any CPU
	EndGlobalSection
	GlobalSection(SolutionProperties) = preSolution
		HideSolutionNode = FALSE
	EndGlobalSection
	GlobalSection(ExtensibilityGlobals) = postSolution
		SolutionGuid = {1C09B7E8-D317-4924-BB2A-33236F8FDAD4}
	EndGlobalSection
EndGlobal
